
Microsoft Visual Studio Solution File, Format Version 12.00
# Visual Studio 15
VisualStudioVersion = 15.0.27130.2027
MinimumVisualStudioVersion = 10.0.40219.1
Project("{FAE04EC0-301F-11D3-BF4B-00C04F79EFBC}") = "RoadStatus.ConsoleApp", "RoadStatus.ConsoleApp\RoadStatus.ConsoleApp.csproj", "{63FF723E-159B-4829-BAB0-8B19C692123D}"
EndProject
Project("{FAE04EC0-301F-11D3-BF4B-00C04F79EFBC}") = "RoadStatus.Core", "RoadStatus.Core\RoadStatus.Core.csproj", "{88372531-7B72-4A30-B2DA-78A54E9FEA04}"
EndProject
Project("{FAE04EC0-301F-11D3-BF4B-00C04F79EFBC}") = "RoadStatus.Clients", "RoadStatus.Clients\RoadStatus.Clients.csproj", "{EF4D6D4C-A330-4A21-8711-E1FACCA5639F}"
EndProject
Project("{FAE04EC0-301F-11D3-BF4B-00C04F79EFBC}") = "RoadStatus.OutputWriters", "RoadStatus.OutputWriters\RoadStatus.OutputWriters.csproj", "{A4C15362-5A59-4C1B-B32E-CB5C15065AF7}"
EndProject
Project("{FAE04EC0-301F-11D3-BF4B-00C04F79EFBC}") = "RoadStatus.Tests", "RoadStatus.Tests\RoadStatus.Tests.csproj", "{822C037D-567C-4557-ACF9-A61064B92D07}"
EndProject
Project("{FAE04EC0-301F-11D3-BF4B-00C04F79EFBC}") = "RoadStatus.Configuration", "RoadStatus.Configuration\RoadStatus.Configuration.csproj", "{C8B6849D-9EA1-48AE-A176-FF6AF5021FD7}"
EndProject
Global
	GlobalSection(SolutionConfigurationPlatforms) = preSolution
		Debug|Any CPU = Debug|Any CPU
		Release|Any CPU = Release|Any CPU
	EndGlobalSection
	GlobalSection(ProjectConfigurationPlatforms) = postSolution
		{63FF723E-159B-4829-BAB0-8B19C692123D}.Debug|Any CPU.ActiveCfg = Debug|Any CPU
		{63FF723E-159B-4829-BAB0-8B19C692123D}.Debug|Any CPU.Build.0 = Debug|Any CPU
		{63FF723E-159B-4829-BAB0-8B19C692123D}.Release|Any CPU.ActiveCfg = Release|Any CPU
		{63FF723E-159B-4829-BAB0-8B19C692123D}.Release|Any CPU.Build.0 = Release|Any CPU
		{88372531-7B72-4A30-B2DA-78A54E9FEA04}.Debug|Any CPU.ActiveCfg = Debug|Any CPU
		{88372531-7B72-4A30-B2DA-78A54E9FEA04}.Debug|Any CPU.Build.0 = Debug|Any CPU
		{88372531-7B72-4A30-B2DA-78A54E9FEA04}.Release|Any CPU.ActiveCfg = Release|Any CPU
		{88372531-7B72-4A30-B2DA-78A54E9FEA04}.Release|Any CPU.Build.0 = Release|Any CPU
		{EF4D6D4C-A330-4A21-8711-E1FACCA5639F}.Debug|Any CPU.ActiveCfg = Debug|Any CPU
		{EF4D6D4C-A330-4A21-8711-E1FACCA5639F}.Debug|Any CPU.Build.0 = Debug|Any CPU
		{EF4D6D4C-A330-4A21-8711-E1FACCA5639F}.Release|Any CPU.ActiveCfg = Release|Any CPU
		{EF4D6D4C-A330-4A21-8711-E1FACCA5639F}.Release|Any CPU.Build.0 = Release|Any CPU
		{A4C15362-5A59-4C1B-B32E-CB5C15065AF7}.Debug|Any CPU.ActiveCfg = Debug|Any CPU
		{A4C15362-5A59-4C1B-B32E-CB5C15065AF7}.Debug|Any CPU.Build.0 = Debug|Any CPU
		{A4C15362-5A59-4C1B-B32E-CB5C15065AF7}.Release|Any CPU.ActiveCfg = Release|Any CPU
		{A4C15362-5A59-4C1B-B32E-CB5C15065AF7}.Release|Any CPU.Build.0 = Release|Any CPU
		{822C037D-567C-4557-ACF9-A61064B92D07}.Debug|Any CPU.ActiveCfg = Debug|Any CPU
		{822C037D-567C-4557-ACF9-A61064B92D07}.Debug|Any CPU.Build.0 = Debug|Any CPU
		{822C037D-567C-4557-ACF9-A61064B92D07}.Release|Any CPU.ActiveCfg = Release|Any CPU
		{822C037D-567C-4557-ACF9-A61064B92D07}.Release|Any CPU.Build.0 = Release|Any CPU
		{C8B6849D-9EA1-48AE-A176-FF6AF5021FD7}.Debug|Any CPU.ActiveCfg = Debug|Any CPU
		{C8B6849D-9EA1-48AE-A176-FF6AF5021FD7}.Debug|Any CPU.Build.0 = Debug|Any CPU
		{C8B6849D-9EA1-48AE-A176-FF6AF5021FD7}.Release|Any CPU.ActiveCfg = Release|Any CPU
		{C8B6849D-9EA1-48AE-A176-FF6AF5021FD7}.Release|Any CPU.Build.0 = Release|Any CPU
	EndGlobalSection
	GlobalSection(SolutionProperties) = preSolution
		HideSolutionNode = FALSE
	EndGlobalSection
	GlobalSection(ExtensibilityGlobals) = postSolution
		SolutionGuid = {DCB849EC-AAC9-480E-97CD-75771B549AB1}
	EndGlobalSection
EndGlobal
